// !$*UTF8*$!
{
	archiveVersion = 1;
	classes = {
	};
	objectVersion = 56;
	objects = {

/* Begin PBXBuildFile section */
		3C2FAD522C162BED0085B12C /* SnapKit in Frameworks */ = {isa = PBXBuildFile; productRef = 3C2FAD512C162BED0085B12C /* SnapKit */; };
		3C2FAD542C162BED0085B12C /* SnapKit-Dynamic in Frameworks */ = {isa = PBXBuildFile; productRef = 3C2FAD532C162BED0085B12C /* SnapKit-Dynamic */; };
		3C2FAD572C162BFC0085B12C /* RxBlocking in Frameworks */ = {isa = PBXBuildFile; productRef = 3C2FAD562C162BFC0085B12C /* RxBlocking */; };
		3C2FAD592C162BFC0085B12C /* RxBlocking-Dynamic in Frameworks */ = {isa = PBXBuildFile; productRef = 3C2FAD582C162BFC0085B12C /* RxBlocking-Dynamic */; };
		3C2FAD5B2C162BFC0085B12C /* RxCocoa in Frameworks */ = {isa = PBXBuildFile; productRef = 3C2FAD5A2C162BFC0085B12C /* RxCocoa */; };
		3C2FAD5D2C162BFC0085B12C /* RxCocoa-Dynamic in Frameworks */ = {isa = PBXBuildFile; productRef = 3C2FAD5C2C162BFC0085B12C /* RxCocoa-Dynamic */; };
		3C2FAD5F2C162BFC0085B12C /* RxRelay in Frameworks */ = {isa = PBXBuildFile; productRef = 3C2FAD5E2C162BFC0085B12C /* RxRelay */; };
		3C2FAD622C162FA00085B12C /* Uiview+Ext.swift in Sources */ = {isa = PBXBuildFile; fileRef = 3C2FAD612C162FA00085B12C /* Uiview+Ext.swift */; };
		3C2FAD642C1630D10085B12C /* LeaderboardViewController.swift in Sources */ = {isa = PBXBuildFile; fileRef = 3C2FAD632C1630D10085B12C /* LeaderboardViewController.swift */; };
		3C2FAD662C1636610085B12C /* NavBar.swift in Sources */ = {isa = PBXBuildFile; fileRef = 3C2FAD652C1636610085B12C /* NavBar.swift */; };
		3C2FAD692C1639170085B12C /* RxGesture in Frameworks */ = {isa = PBXBuildFile; productRef = 3C2FAD682C1639170085B12C /* RxGesture */; };
		3C2FAD6C2C163FC80085B12C /* LeaderboardRaitingView.swift in Sources */ = {isa = PBXBuildFile; fileRef = 3C2FAD6B2C163FC80085B12C /* LeaderboardRaitingView.swift */; };
		3C2FAD6E2C1641440085B12C /* UIStackView+Ext.swift in Sources */ = {isa = PBXBuildFile; fileRef = 3C2FAD6D2C1641440085B12C /* UIStackView+Ext.swift */; };
		3C2FAD702C1653290085B12C /* Player.swift in Sources */ = {isa = PBXBuildFile; fileRef = 3C2FAD6F2C1653290085B12C /* Player.swift */; };
		3C2FAD722C16544D0085B12C /* LeaderbordPlayerCell.swift in Sources */ = {isa = PBXBuildFile; fileRef = 3C2FAD712C16544D0085B12C /* LeaderbordPlayerCell.swift */; };
		CBE0C0BA2C15D5E000919D1E /* AppDelegate.swift in Sources */ = {isa = PBXBuildFile; fileRef = CBE0C0B92C15D5E000919D1E /* AppDelegate.swift */; };
		CBE0C0BC2C15D5E000919D1E /* SceneDelegate.swift in Sources */ = {isa = PBXBuildFile; fileRef = CBE0C0BB2C15D5E000919D1E /* SceneDelegate.swift */; };
		CBE0C0C32C15D5E100919D1E /* Assets.xcassets in Resources */ = {isa = PBXBuildFile; fileRef = CBE0C0C22C15D5E100919D1E /* Assets.xcassets */; };
		CBE0C0C62C15D5E100919D1E /* LaunchScreen.storyboard in Resources */ = {isa = PBXBuildFile; fileRef = CBE0C0C42C15D5E100919D1E /* LaunchScreen.storyboard */; };
		CBE0C0D22C15D67100919D1E /* FightLoadView.swift in Sources */ = {isa = PBXBuildFile; fileRef = CBE0C0CD2C15D67100919D1E /* FightLoadView.swift */; };
		CBE0C0D32C15D67100919D1E /* ResultView.swift in Sources */ = {isa = PBXBuildFile; fileRef = CBE0C0CE2C15D67100919D1E /* ResultView.swift */; };
		CBE0C0D42C15D67100919D1E /* StartView.swift in Sources */ = {isa = PBXBuildFile; fileRef = CBE0C0CF2C15D67100919D1E /* StartView.swift */; };
		CBE0C0D52C15D67100919D1E /* GameView.swift in Sources */ = {isa = PBXBuildFile; fileRef = CBE0C0D02C15D67100919D1E /* GameView.swift */; };
		CBE0C0D62C15D67100919D1E /* RulesView.swift in Sources */ = {isa = PBXBuildFile; fileRef = CBE0C0D12C15D67100919D1E /* RulesView.swift */; };
		CBE0C0DC2C15D68300919D1E /* StartViewController.swift in Sources */ = {isa = PBXBuildFile; fileRef = CBE0C0D72C15D68300919D1E /* StartViewController.swift */; };
		CBE0C0DD2C15D68300919D1E /* RulesViewController.swift in Sources */ = {isa = PBXBuildFile; fileRef = CBE0C0D82C15D68300919D1E /* RulesViewController.swift */; };
		CBE0C0DE2C15D68300919D1E /* GameViewController.swift in Sources */ = {isa = PBXBuildFile; fileRef = CBE0C0D92C15D68300919D1E /* GameViewController.swift */; };
		CBE0C0DF2C15D68300919D1E /* ResultViewController.swift in Sources */ = {isa = PBXBuildFile; fileRef = CBE0C0DA2C15D68300919D1E /* ResultViewController.swift */; };
		CBE0C0E02C15D68300919D1E /* FightLoadViewController.swift in Sources */ = {isa = PBXBuildFile; fileRef = CBE0C0DB2C15D68300919D1E /* FightLoadViewController.swift */; };
/* End PBXBuildFile section */

/* Begin PBXFileReference section */
		3C2FAD612C162FA00085B12C /* Uiview+Ext.swift */ = {isa = PBXFileReference; lastKnownFileType = sourcecode.swift; path = "Uiview+Ext.swift"; sourceTree = "<group>"; };
		3C2FAD632C1630D10085B12C /* LeaderboardViewController.swift */ = {isa = PBXFileReference; lastKnownFileType = sourcecode.swift; path = LeaderboardViewController.swift; sourceTree = "<group>"; };
		3C2FAD652C1636610085B12C /* NavBar.swift */ = {isa = PBXFileReference; lastKnownFileType = sourcecode.swift; path = NavBar.swift; sourceTree = "<group>"; };
		3C2FAD6B2C163FC80085B12C /* LeaderboardRaitingView.swift */ = {isa = PBXFileReference; lastKnownFileType = sourcecode.swift; path = LeaderboardRaitingView.swift; sourceTree = "<group>"; };
		3C2FAD6D2C1641440085B12C /* UIStackView+Ext.swift */ = {isa = PBXFileReference; lastKnownFileType = sourcecode.swift; path = "UIStackView+Ext.swift"; sourceTree = "<group>"; };
		3C2FAD6F2C1653290085B12C /* Player.swift */ = {isa = PBXFileReference; lastKnownFileType = sourcecode.swift; path = Player.swift; sourceTree = "<group>"; };
		3C2FAD712C16544D0085B12C /* LeaderbordPlayerCell.swift */ = {isa = PBXFileReference; lastKnownFileType = sourcecode.swift; path = LeaderbordPlayerCell.swift; sourceTree = "<group>"; };
		CBE0C0B62C15D5E000919D1E /* Epic_RPC.app */ = {isa = PBXFileReference; explicitFileType = wrapper.application; includeInIndex = 0; path = Epic_RPC.app; sourceTree = BUILT_PRODUCTS_DIR; };
		CBE0C0B92C15D5E000919D1E /* AppDelegate.swift */ = {isa = PBXFileReference; lastKnownFileType = sourcecode.swift; path = AppDelegate.swift; sourceTree = "<group>"; };
		CBE0C0BB2C15D5E000919D1E /* SceneDelegate.swift */ = {isa = PBXFileReference; lastKnownFileType = sourcecode.swift; path = SceneDelegate.swift; sourceTree = "<group>"; };
		CBE0C0C22C15D5E100919D1E /* Assets.xcassets */ = {isa = PBXFileReference; lastKnownFileType = folder.assetcatalog; path = Assets.xcassets; sourceTree = "<group>"; };
		CBE0C0C52C15D5E100919D1E /* Base */ = {isa = PBXFileReference; lastKnownFileType = file.storyboard; name = Base; path = Base.lproj/LaunchScreen.storyboard; sourceTree = "<group>"; };
		CBE0C0C72C15D5E100919D1E /* Info.plist */ = {isa = PBXFileReference; lastKnownFileType = text.plist.xml; path = Info.plist; sourceTree = "<group>"; };
		CBE0C0CD2C15D67100919D1E /* FightLoadView.swift */ = {isa = PBXFileReference; fileEncoding = 4; lastKnownFileType = sourcecode.swift; path = FightLoadView.swift; sourceTree = "<group>"; };
		CBE0C0CE2C15D67100919D1E /* ResultView.swift */ = {isa = PBXFileReference; fileEncoding = 4; lastKnownFileType = sourcecode.swift; path = ResultView.swift; sourceTree = "<group>"; };
		CBE0C0CF2C15D67100919D1E /* StartView.swift */ = {isa = PBXFileReference; fileEncoding = 4; lastKnownFileType = sourcecode.swift; path = StartView.swift; sourceTree = "<group>"; };
		CBE0C0D02C15D67100919D1E /* GameView.swift */ = {isa = PBXFileReference; fileEncoding = 4; lastKnownFileType = sourcecode.swift; path = GameView.swift; sourceTree = "<group>"; };
		CBE0C0D12C15D67100919D1E /* RulesView.swift */ = {isa = PBXFileReference; fileEncoding = 4; lastKnownFileType = sourcecode.swift; path = RulesView.swift; sourceTree = "<group>"; };
		CBE0C0D72C15D68300919D1E /* StartViewController.swift */ = {isa = PBXFileReference; fileEncoding = 4; lastKnownFileType = sourcecode.swift; path = StartViewController.swift; sourceTree = "<group>"; };
		CBE0C0D82C15D68300919D1E /* RulesViewController.swift */ = {isa = PBXFileReference; fileEncoding = 4; lastKnownFileType = sourcecode.swift; path = RulesViewController.swift; sourceTree = "<group>"; };
		CBE0C0D92C15D68300919D1E /* GameViewController.swift */ = {isa = PBXFileReference; fileEncoding = 4; lastKnownFileType = sourcecode.swift; path = GameViewController.swift; sourceTree = "<group>"; };
		CBE0C0DA2C15D68300919D1E /* ResultViewController.swift */ = {isa = PBXFileReference; fileEncoding = 4; lastKnownFileType = sourcecode.swift; path = ResultViewController.swift; sourceTree = "<group>"; };
		CBE0C0DB2C15D68300919D1E /* FightLoadViewController.swift */ = {isa = PBXFileReference; fileEncoding = 4; lastKnownFileType = sourcecode.swift; path = FightLoadViewController.swift; sourceTree = "<group>"; };
/* End PBXFileReference section */

/* Begin PBXFrameworksBuildPhase section */
		CBE0C0B32C15D5E000919D1E /* Frameworks */ = {
			isa = PBXFrameworksBuildPhase;
			buildActionMask = 2147483647;
			files = (
				3C2FAD522C162BED0085B12C /* SnapKit in Frameworks */,
				3C2FAD572C162BFC0085B12C /* RxBlocking in Frameworks */,
				3C2FAD692C1639170085B12C /* RxGesture in Frameworks */,
				3C2FAD5F2C162BFC0085B12C /* RxRelay in Frameworks */,
				3C2FAD5B2C162BFC0085B12C /* RxCocoa in Frameworks */,
				3C2FAD542C162BED0085B12C /* SnapKit-Dynamic in Frameworks */,
				3C2FAD5D2C162BFC0085B12C /* RxCocoa-Dynamic in Frameworks */,
				3C2FAD592C162BFC0085B12C /* RxBlocking-Dynamic in Frameworks */,
			);
			runOnlyForDeploymentPostprocessing = 0;
		};
/* End PBXFrameworksBuildPhase section */

/* Begin PBXGroup section */
		3C2FAD602C162F870085B12C /* Extensions */ = {
			isa = PBXGroup;
			children = (
				3C2FAD612C162FA00085B12C /* Uiview+Ext.swift */,
				3C2FAD6D2C1641440085B12C /* UIStackView+Ext.swift */,
			);
			path = Extensions;
			sourceTree = "<group>";
		};
		3C2FAD6A2C163FA80085B12C /* LeaderboardScreen */ = {
			isa = PBXGroup;
			children = (
				3C2FAD6F2C1653290085B12C /* Player.swift */,
				3C2FAD632C1630D10085B12C /* LeaderboardViewController.swift */,
				3C2FAD712C16544D0085B12C /* LeaderbordPlayerCell.swift */,
				3C2FAD6B2C163FC80085B12C /* LeaderboardRaitingView.swift */,
			);
			path = LeaderboardScreen;
			sourceTree = "<group>";
		};
		CBE0C0AD2C15D5E000919D1E = {
			isa = PBXGroup;
			children = (
				CBE0C0B82C15D5E000919D1E /* Epic_RPC */,
				CBE0C0B72C15D5E000919D1E /* Products */,
			);
			sourceTree = "<group>";
		};
		CBE0C0B72C15D5E000919D1E /* Products */ = {
			isa = PBXGroup;
			children = (
				CBE0C0B62C15D5E000919D1E /* Epic_RPC.app */,
			);
			name = Products;
			sourceTree = "<group>";
		};
		CBE0C0B82C15D5E000919D1E /* Epic_RPC */ = {
			isa = PBXGroup;
			children = (
				CBE0C0E22C15D6A900919D1E /* App */,
				CBE0C0E32C15D6B100919D1E /* View */,
				CBE0C0E12C15D69800919D1E /* ViewController */,
				CBE0C0E42C15D6D500919D1E /* Resources */,
				3C2FAD602C162F870085B12C /* Extensions */,
			);
			path = Epic_RPC;
			sourceTree = "<group>";
		};
		CBE0C0E12C15D69800919D1E /* ViewController */ = {
			isa = PBXGroup;
			children = (
				CBE0C0DB2C15D68300919D1E /* FightLoadViewController.swift */,
				CBE0C0D92C15D68300919D1E /* GameViewController.swift */,
				CBE0C0DA2C15D68300919D1E /* ResultViewController.swift */,
				CBE0C0D82C15D68300919D1E /* RulesViewController.swift */,
				CBE0C0D72C15D68300919D1E /* StartViewController.swift */,
				3C2FAD6A2C163FA80085B12C /* LeaderboardScreen */,
			);
			path = ViewController;
			sourceTree = "<group>";
		};
		CBE0C0E22C15D6A900919D1E /* App */ = {
			isa = PBXGroup;
			children = (
				CBE0C0B92C15D5E000919D1E /* AppDelegate.swift */,
				CBE0C0BB2C15D5E000919D1E /* SceneDelegate.swift */,
			);
			path = App;
			sourceTree = "<group>";
		};
		CBE0C0E32C15D6B100919D1E /* View */ = {
			isa = PBXGroup;
			children = (
				CBE0C0CD2C15D67100919D1E /* FightLoadView.swift */,
				CBE0C0D02C15D67100919D1E /* GameView.swift */,
				CBE0C0CE2C15D67100919D1E /* ResultView.swift */,
				CBE0C0D12C15D67100919D1E /* RulesView.swift */,
				CBE0C0CF2C15D67100919D1E /* StartView.swift */,
				3C2FAD652C1636610085B12C /* NavBar.swift */,
			);
			path = View;
			sourceTree = "<group>";
		};
		CBE0C0E42C15D6D500919D1E /* Resources */ = {
			isa = PBXGroup;
			children = (
				CBE0C0C22C15D5E100919D1E /* Assets.xcassets */,
				CBE0C0C42C15D5E100919D1E /* LaunchScreen.storyboard */,
				CBE0C0C72C15D5E100919D1E /* Info.plist */,
			);
			path = Resources;
			sourceTree = "<group>";
		};
/* End PBXGroup section */

/* Begin PBXNativeTarget section */
		CBE0C0B52C15D5E000919D1E /* Epic_RPC */ = {
			isa = PBXNativeTarget;
			buildConfigurationList = CBE0C0CA2C15D5E100919D1E /* Build configuration list for PBXNativeTarget "Epic_RPC" */;
			buildPhases = (
				CBE0C0B22C15D5E000919D1E /* Sources */,
				CBE0C0B32C15D5E000919D1E /* Frameworks */,
				CBE0C0B42C15D5E000919D1E /* Resources */,
			);
			buildRules = (
			);
			dependencies = (
			);
			name = Epic_RPC;
			packageProductDependencies = (
				3C2FAD512C162BED0085B12C /* SnapKit */,
				3C2FAD532C162BED0085B12C /* SnapKit-Dynamic */,
				3C2FAD562C162BFC0085B12C /* RxBlocking */,
				3C2FAD582C162BFC0085B12C /* RxBlocking-Dynamic */,
				3C2FAD5A2C162BFC0085B12C /* RxCocoa */,
				3C2FAD5C2C162BFC0085B12C /* RxCocoa-Dynamic */,
				3C2FAD5E2C162BFC0085B12C /* RxRelay */,
				3C2FAD682C1639170085B12C /* RxGesture */,
			);
			productName = Epic_RPC;
			productReference = CBE0C0B62C15D5E000919D1E /* Epic_RPC.app */;
			productType = "com.apple.product-type.application";
		};
/* End PBXNativeTarget section */

/* Begin PBXProject section */
		CBE0C0AE2C15D5E000919D1E /* Project object */ = {
			isa = PBXProject;
			attributes = {
				BuildIndependentTargetsInParallel = 1;
				LastSwiftUpdateCheck = 1500;
				LastUpgradeCheck = 1500;
				TargetAttributes = {
					CBE0C0B52C15D5E000919D1E = {
						CreatedOnToolsVersion = 15.0;
					};
				};
			};
			buildConfigurationList = CBE0C0B12C15D5E000919D1E /* Build configuration list for PBXProject "Epic_RPC" */;
			compatibilityVersion = "Xcode 14.0";
			developmentRegion = en;
			hasScannedForEncodings = 0;
			knownRegions = (
				en,
				Base,
			);
			mainGroup = CBE0C0AD2C15D5E000919D1E;
			packageReferences = (
				3C2FAD502C162BED0085B12C /* XCRemoteSwiftPackageReference "SnapKit" */,
				3C2FAD552C162BFC0085B12C /* XCRemoteSwiftPackageReference "RxSwift" */,
				3C2FAD672C1639170085B12C /* XCRemoteSwiftPackageReference "RxGesture" */,
			);
			productRefGroup = CBE0C0B72C15D5E000919D1E /* Products */;
			projectDirPath = "";
			projectRoot = "";
			targets = (
				CBE0C0B52C15D5E000919D1E /* Epic_RPC */,
			);
		};
/* End PBXProject section */

/* Begin PBXResourcesBuildPhase section */
		CBE0C0B42C15D5E000919D1E /* Resources */ = {
			isa = PBXResourcesBuildPhase;
			buildActionMask = 2147483647;
			files = (
				CBE0C0C62C15D5E100919D1E /* LaunchScreen.storyboard in Resources */,
				CBE0C0C32C15D5E100919D1E /* Assets.xcassets in Resources */,
			);
			runOnlyForDeploymentPostprocessing = 0;
		};
/* End PBXResourcesBuildPhase section */

/* Begin PBXSourcesBuildPhase section */
		CBE0C0B22C15D5E000919D1E /* Sources */ = {
			isa = PBXSourcesBuildPhase;
			buildActionMask = 2147483647;
			files = (
				3C2FAD642C1630D10085B12C /* LeaderboardViewController.swift in Sources */,
				CBE0C0E02C15D68300919D1E /* FightLoadViewController.swift in Sources */,
				CBE0C0DD2C15D68300919D1E /* RulesViewController.swift in Sources */,
				CBE0C0D62C15D67100919D1E /* RulesView.swift in Sources */,
				CBE0C0BA2C15D5E000919D1E /* AppDelegate.swift in Sources */,
				3C2FAD6C2C163FC80085B12C /* LeaderboardRaitingView.swift in Sources */,
				3C2FAD662C1636610085B12C /* NavBar.swift in Sources */,
				CBE0C0D32C15D67100919D1E /* ResultView.swift in Sources */,
				CBE0C0D42C15D67100919D1E /* StartView.swift in Sources */,
				CBE0C0DC2C15D68300919D1E /* StartViewController.swift in Sources */,
				3C2FAD622C162FA00085B12C /* Uiview+Ext.swift in Sources */,
				CBE0C0BC2C15D5E000919D1E /* SceneDelegate.swift in Sources */,
				CBE0C0D22C15D67100919D1E /* FightLoadView.swift in Sources */,
				CBE0C0DE2C15D68300919D1E /* GameViewController.swift in Sources */,
				CBE0C0D52C15D67100919D1E /* GameView.swift in Sources */,
				3C2FAD722C16544D0085B12C /* LeaderbordPlayerCell.swift in Sources */,
				CBE0C0DF2C15D68300919D1E /* ResultViewController.swift in Sources */,
				3C2FAD702C1653290085B12C /* Player.swift in Sources */,
				3C2FAD6E2C1641440085B12C /* UIStackView+Ext.swift in Sources */,
			);
			runOnlyForDeploymentPostprocessing = 0;
		};
/* End PBXSourcesBuildPhase section */

/* Begin PBXVariantGroup section */
		CBE0C0C42C15D5E100919D1E /* LaunchScreen.storyboard */ = {
			isa = PBXVariantGroup;
			children = (
				CBE0C0C52C15D5E100919D1E /* Base */,
			);
			name = LaunchScreen.storyboard;
			sourceTree = "<group>";
		};
/* End PBXVariantGroup section */

/* Begin XCBuildConfiguration section */
		CBE0C0C82C15D5E100919D1E /* Debug */ = {
			isa = XCBuildConfiguration;
			buildSettings = {
				ALWAYS_SEARCH_USER_PATHS = NO;
				ASSETCATALOG_COMPILER_GENERATE_SWIFT_ASSET_SYMBOL_EXTENSIONS = YES;
				CLANG_ANALYZER_NONNULL = YES;
				CLANG_ANALYZER_NUMBER_OBJECT_CONVERSION = YES_AGGRESSIVE;
				CLANG_CXX_LANGUAGE_STANDARD = "gnu++20";
				CLANG_ENABLE_MODULES = YES;
				CLANG_ENABLE_OBJC_ARC = YES;
				CLANG_ENABLE_OBJC_WEAK = YES;
				CLANG_WARN_BLOCK_CAPTURE_AUTORELEASING = YES;
				CLANG_WARN_BOOL_CONVERSION = YES;
				CLANG_WARN_COMMA = YES;
				CLANG_WARN_CONSTANT_CONVERSION = YES;
				CLANG_WARN_DEPRECATED_OBJC_IMPLEMENTATIONS = YES;
				CLANG_WARN_DIRECT_OBJC_ISA_USAGE = YES_ERROR;
				CLANG_WARN_DOCUMENTATION_COMMENTS = YES;
				CLANG_WARN_EMPTY_BODY = YES;
				CLANG_WARN_ENUM_CONVERSION = YES;
				CLANG_WARN_INFINITE_RECURSION = YES;
				CLANG_WARN_INT_CONVERSION = YES;
				CLANG_WARN_NON_LITERAL_NULL_CONVERSION = YES;
				CLANG_WARN_OBJC_IMPLICIT_RETAIN_SELF = YES;
				CLANG_WARN_OBJC_LITERAL_CONVERSION = YES;
				CLANG_WARN_OBJC_ROOT_CLASS = YES_ERROR;
				CLANG_WARN_QUOTED_INCLUDE_IN_FRAMEWORK_HEADER = YES;
				CLANG_WARN_RANGE_LOOP_ANALYSIS = YES;
				CLANG_WARN_STRICT_PROTOTYPES = YES;
				CLANG_WARN_SUSPICIOUS_MOVE = YES;
				CLANG_WARN_UNGUARDED_AVAILABILITY = YES_AGGRESSIVE;
				CLANG_WARN_UNREACHABLE_CODE = YES;
				CLANG_WARN__DUPLICATE_METHOD_MATCH = YES;
				COPY_PHASE_STRIP = NO;
				DEBUG_INFORMATION_FORMAT = dwarf;
				ENABLE_STRICT_OBJC_MSGSEND = YES;
				ENABLE_TESTABILITY = YES;
				ENABLE_USER_SCRIPT_SANDBOXING = YES;
				GCC_C_LANGUAGE_STANDARD = gnu17;
				GCC_DYNAMIC_NO_PIC = NO;
				GCC_NO_COMMON_BLOCKS = YES;
				GCC_OPTIMIZATION_LEVEL = 0;
				GCC_PREPROCESSOR_DEFINITIONS = (
					"DEBUG=1",
					"$(inherited)",
				);
				GCC_WARN_64_TO_32_BIT_CONVERSION = YES;
				GCC_WARN_ABOUT_RETURN_TYPE = YES_ERROR;
				GCC_WARN_UNDECLARED_SELECTOR = YES;
				GCC_WARN_UNINITIALIZED_AUTOS = YES_AGGRESSIVE;
				GCC_WARN_UNUSED_FUNCTION = YES;
				GCC_WARN_UNUSED_VARIABLE = YES;
				IPHONEOS_DEPLOYMENT_TARGET = 17.0;
				LOCALIZATION_PREFERS_STRING_CATALOGS = YES;
				MTL_ENABLE_DEBUG_INFO = INCLUDE_SOURCE;
				MTL_FAST_MATH = YES;
				ONLY_ACTIVE_ARCH = YES;
				SDKROOT = iphoneos;
				SWIFT_ACTIVE_COMPILATION_CONDITIONS = "DEBUG $(inherited)";
				SWIFT_OPTIMIZATION_LEVEL = "-Onone";
			};
			name = Debug;
		};
		CBE0C0C92C15D5E100919D1E /* Release */ = {
			isa = XCBuildConfiguration;
			buildSettings = {
				ALWAYS_SEARCH_USER_PATHS = NO;
				ASSETCATALOG_COMPILER_GENERATE_SWIFT_ASSET_SYMBOL_EXTENSIONS = YES;
				CLANG_ANALYZER_NONNULL = YES;
				CLANG_ANALYZER_NUMBER_OBJECT_CONVERSION = YES_AGGRESSIVE;
				CLANG_CXX_LANGUAGE_STANDARD = "gnu++20";
				CLANG_ENABLE_MODULES = YES;
				CLANG_ENABLE_OBJC_ARC = YES;
				CLANG_ENABLE_OBJC_WEAK = YES;
				CLANG_WARN_BLOCK_CAPTURE_AUTORELEASING = YES;
				CLANG_WARN_BOOL_CONVERSION = YES;
				CLANG_WARN_COMMA = YES;
				CLANG_WARN_CONSTANT_CONVERSION = YES;
				CLANG_WARN_DEPRECATED_OBJC_IMPLEMENTATIONS = YES;
				CLANG_WARN_DIRECT_OBJC_ISA_USAGE = YES_ERROR;
				CLANG_WARN_DOCUMENTATION_COMMENTS = YES;
				CLANG_WARN_EMPTY_BODY = YES;
				CLANG_WARN_ENUM_CONVERSION = YES;
				CLANG_WARN_INFINITE_RECURSION = YES;
				CLANG_WARN_INT_CONVERSION = YES;
				CLANG_WARN_NON_LITERAL_NULL_CONVERSION = YES;
				CLANG_WARN_OBJC_IMPLICIT_RETAIN_SELF = YES;
				CLANG_WARN_OBJC_LITERAL_CONVERSION = YES;
				CLANG_WARN_OBJC_ROOT_CLASS = YES_ERROR;
				CLANG_WARN_QUOTED_INCLUDE_IN_FRAMEWORK_HEADER = YES;
				CLANG_WARN_RANGE_LOOP_ANALYSIS = YES;
				CLANG_WARN_STRICT_PROTOTYPES = YES;
				CLANG_WARN_SUSPICIOUS_MOVE = YES;
				CLANG_WARN_UNGUARDED_AVAILABILITY = YES_AGGRESSIVE;
				CLANG_WARN_UNREACHABLE_CODE = YES;
				CLANG_WARN__DUPLICATE_METHOD_MATCH = YES;
				COPY_PHASE_STRIP = NO;
				DEBUG_INFORMATION_FORMAT = "dwarf-with-dsym";
				ENABLE_NS_ASSERTIONS = NO;
				ENABLE_STRICT_OBJC_MSGSEND = YES;
				ENABLE_USER_SCRIPT_SANDBOXING = YES;
				GCC_C_LANGUAGE_STANDARD = gnu17;
				GCC_NO_COMMON_BLOCKS = YES;
				GCC_WARN_64_TO_32_BIT_CONVERSION = YES;
				GCC_WARN_ABOUT_RETURN_TYPE = YES_ERROR;
				GCC_WARN_UNDECLARED_SELECTOR = YES;
				GCC_WARN_UNINITIALIZED_AUTOS = YES_AGGRESSIVE;
				GCC_WARN_UNUSED_FUNCTION = YES;
				GCC_WARN_UNUSED_VARIABLE = YES;
				IPHONEOS_DEPLOYMENT_TARGET = 17.0;
				LOCALIZATION_PREFERS_STRING_CATALOGS = YES;
				MTL_ENABLE_DEBUG_INFO = NO;
				MTL_FAST_MATH = YES;
				SDKROOT = iphoneos;
				SWIFT_COMPILATION_MODE = wholemodule;
				VALIDATE_PRODUCT = YES;
			};
			name = Release;
		};
		CBE0C0CB2C15D5E100919D1E /* Debug */ = {
			isa = XCBuildConfiguration;
			buildSettings = {
				ASSETCATALOG_COMPILER_APPICON_NAME = AppIcon;
				ASSETCATALOG_COMPILER_GLOBAL_ACCENT_COLOR_NAME = AccentColor;
				CODE_SIGN_STYLE = Automatic;
				CURRENT_PROJECT_VERSION = 1;
				DEVELOPMENT_TEAM = Y5B46GH7KM;
				GENERATE_INFOPLIST_FILE = YES;
				INFOPLIST_FILE = Epic_RPC/Resources/Info.plist;
				INFOPLIST_KEY_UIApplicationSupportsIndirectInputEvents = YES;
				INFOPLIST_KEY_UILaunchStoryboardName = LaunchScreen;
				INFOPLIST_KEY_UISupportedInterfaceOrientations_iPad = "UIInterfaceOrientationPortrait UIInterfaceOrientationPortraitUpsideDown UIInterfaceOrientationLandscapeLeft UIInterfaceOrientationLandscapeRight";
				INFOPLIST_KEY_UISupportedInterfaceOrientations_iPhone = "UIInterfaceOrientationPortrait UIInterfaceOrientationLandscapeLeft UIInterfaceOrientationLandscapeRight";
				LD_RUNPATH_SEARCH_PATHS = (
					"$(inherited)",
					"@executable_path/Frameworks",
				);
				MARKETING_VERSION = 1.0;
				PRODUCT_BUNDLE_IDENTIFIER = "com.MariaNesterova.Epic-RPC";
				PRODUCT_NAME = "$(TARGET_NAME)";
				SWIFT_EMIT_LOC_STRINGS = YES;
				SWIFT_VERSION = 5.0;
				TARGETED_DEVICE_FAMILY = "1,2";
			};
			name = Debug;
		};
		CBE0C0CC2C15D5E100919D1E /* Release */ = {
			isa = XCBuildConfiguration;
			buildSettings = {
				ASSETCATALOG_COMPILER_APPICON_NAME = AppIcon;
				ASSETCATALOG_COMPILER_GLOBAL_ACCENT_COLOR_NAME = AccentColor;
				CODE_SIGN_STYLE = Automatic;
				CURRENT_PROJECT_VERSION = 1;
				DEVELOPMENT_TEAM = Y5B46GH7KM;
				GENERATE_INFOPLIST_FILE = YES;
				INFOPLIST_FILE = Epic_RPC/Resources/Info.plist;
				INFOPLIST_KEY_UIApplicationSupportsIndirectInputEvents = YES;
				INFOPLIST_KEY_UILaunchStoryboardName = LaunchScreen;
				INFOPLIST_KEY_UISupportedInterfaceOrientations_iPad = "UIInterfaceOrientationPortrait UIInterfaceOrientationPortraitUpsideDown UIInterfaceOrientationLandscapeLeft UIInterfaceOrientationLandscapeRight";
				INFOPLIST_KEY_UISupportedInterfaceOrientations_iPhone = "UIInterfaceOrientationPortrait UIInterfaceOrientationLandscapeLeft UIInterfaceOrientationLandscapeRight";
				LD_RUNPATH_SEARCH_PATHS = (
					"$(inherited)",
					"@executable_path/Frameworks",
				);
				MARKETING_VERSION = 1.0;
				PRODUCT_BUNDLE_IDENTIFIER = "com.MariaNesterova.Epic-RPC";
				PRODUCT_NAME = "$(TARGET_NAME)";
				SWIFT_EMIT_LOC_STRINGS = YES;
				SWIFT_VERSION = 5.0;
				TARGETED_DEVICE_FAMILY = "1,2";
			};
			name = Release;
		};
/* End XCBuildConfiguration section */

/* Begin XCConfigurationList section */
		CBE0C0B12C15D5E000919D1E /* Build configuration list for PBXProject "Epic_RPC" */ = {
			isa = XCConfigurationList;
			buildConfigurations = (
				CBE0C0C82C15D5E100919D1E /* Debug */,
				CBE0C0C92C15D5E100919D1E /* Release */,
			);
			defaultConfigurationIsVisible = 0;
			defaultConfigurationName = Release;
		};
		CBE0C0CA2C15D5E100919D1E /* Build configuration list for PBXNativeTarget "Epic_RPC" */ = {
			isa = XCConfigurationList;
			buildConfigurations = (
				CBE0C0CB2C15D5E100919D1E /* Debug */,
				CBE0C0CC2C15D5E100919D1E /* Release */,
			);
			defaultConfigurationIsVisible = 0;
			defaultConfigurationName = Release;
		};
/* End XCConfigurationList section */

/* Begin XCRemoteSwiftPackageReference section */
		3C2FAD502C162BED0085B12C /* XCRemoteSwiftPackageReference "SnapKit" */ = {
			isa = XCRemoteSwiftPackageReference;
			repositoryURL = "https://github.com/SnapKit/SnapKit.git";
			requirement = {
				kind = upToNextMajorVersion;
				minimumVersion = 5.7.1;
			};
		};
		3C2FAD552C162BFC0085B12C /* XCRemoteSwiftPackageReference "RxSwift" */ = {
			isa = XCRemoteSwiftPackageReference;
			repositoryURL = "https://github.com/ReactiveX/RxSwift.git";
			requirement = {
				kind = upToNextMajorVersion;
				minimumVersion = 6.7.1;
			};
		};
		3C2FAD672C1639170085B12C /* XCRemoteSwiftPackageReference "RxGesture" */ = {
			isa = XCRemoteSwiftPackageReference;
			repositoryURL = "https://github.com/RxSwiftCommunity/RxGesture.git";
			requirement = {
				kind = upToNextMajorVersion;
				minimumVersion = 4.0.4;
			};
		};
/* End XCRemoteSwiftPackageReference section */

/* Begin XCSwiftPackageProductDependency section */
		3C2FAD512C162BED0085B12C /* SnapKit */ = {
			isa = XCSwiftPackageProductDependency;
			package = 3C2FAD502C162BED0085B12C /* XCRemoteSwiftPackageReference "SnapKit" */;
			productName = SnapKit;
		};
		3C2FAD532C162BED0085B12C /* SnapKit-Dynamic */ = {
			isa = XCSwiftPackageProductDependency;
			package = 3C2FAD502C162BED0085B12C /* XCRemoteSwiftPackageReference "SnapKit" */;
			productName = "SnapKit-Dynamic";
		};
		3C2FAD562C162BFC0085B12C /* RxBlocking */ = {
			isa = XCSwiftPackageProductDependency;
			package = 3C2FAD552C162BFC0085B12C /* XCRemoteSwiftPackageReference "RxSwift" */;
			productName = RxBlocking;
		};
		3C2FAD582C162BFC0085B12C /* RxBlocking-Dynamic */ = {
			isa = XCSwiftPackageProductDependency;
			package = 3C2FAD552C162BFC0085B12C /* XCRemoteSwiftPackageReference "RxSwift" */;
			productName = "RxBlocking-Dynamic";
		};
		3C2FAD5A2C162BFC0085B12C /* RxCocoa */ = {
			isa = XCSwiftPackageProductDependency;
			package = 3C2FAD552C162BFC0085B12C /* XCRemoteSwiftPackageReference "RxSwift" */;
			productName = RxCocoa;
		};
		3C2FAD5C2C162BFC0085B12C /* RxCocoa-Dynamic */ = {
			isa = XCSwiftPackageProductDependency;
			package = 3C2FAD552C162BFC0085B12C /* XCRemoteSwiftPackageReference "RxSwift" */;
			productName = "RxCocoa-Dynamic";
		};
		3C2FAD5E2C162BFC0085B12C /* RxRelay */ = {
			isa = XCSwiftPackageProductDependency;
			package = 3C2FAD552C162BFC0085B12C /* XCRemoteSwiftPackageReference "RxSwift" */;
			productName = RxRelay;
		};
		3C2FAD682C1639170085B12C /* RxGesture */ = {
			isa = XCSwiftPackageProductDependency;
			package = 3C2FAD672C1639170085B12C /* XCRemoteSwiftPackageReference "RxGesture" */;
			productName = RxGesture;
		};
/* End XCSwiftPackageProductDependency section */
	};
	rootObject = CBE0C0AE2C15D5E000919D1E /* Project object */;
}
