// !$*UTF8*$!
{
	archiveVersion = 1;
	classes = {
	};
	objectVersion = 55;
	objects = {

/* Begin PBXBuildFile section */
		3CBF8B272C179B20005E21B8 /* UIStackView+Ext.swift in Sources */ = {isa = PBXBuildFile; fileRef = 3CBF8B252C179B20005E21B8 /* UIStackView+Ext.swift */; };
		3CBF8B282C179B20005E21B8 /* Uiview+Ext.swift in Sources */ = {isa = PBXBuildFile; fileRef = 3CBF8B262C179B20005E21B8 /* Uiview+Ext.swift */; };
		3CBF8B2B2C179B27005E21B8 /* StorageService.swift in Sources */ = {isa = PBXBuildFile; fileRef = 3CBF8B2A2C179B27005E21B8 /* StorageService.swift */; };
		3CBF8B2E2C179B2C005E21B8 /* Player.swift in Sources */ = {isa = PBXBuildFile; fileRef = 3CBF8B2D2C179B2C005E21B8 /* Player.swift */; };
		3CBF8B322C179B3A005E21B8 /* LeaderboardViewController.swift in Sources */ = {isa = PBXBuildFile; fileRef = 3CBF8B302C179B3A005E21B8 /* LeaderboardViewController.swift */; };
		3CBF8B332C179B3A005E21B8 /* LeaderbordPlayerCell.swift in Sources */ = {isa = PBXBuildFile; fileRef = 3CBF8B312C179B3A005E21B8 /* LeaderbordPlayerCell.swift */; };
		3CBF8B362C179B4C005E21B8 /* RxGesture in Frameworks */ = {isa = PBXBuildFile; productRef = 3CBF8B352C179B4C005E21B8 /* RxGesture */; };
		3CBF8B392C179B54005E21B8 /* RxBlocking in Frameworks */ = {isa = PBXBuildFile; productRef = 3CBF8B382C179B54005E21B8 /* RxBlocking */; };
		3CBF8B3B2C179B54005E21B8 /* RxBlocking-Dynamic in Frameworks */ = {isa = PBXBuildFile; productRef = 3CBF8B3A2C179B54005E21B8 /* RxBlocking-Dynamic */; };
		3CBF8B3D2C179B54005E21B8 /* RxCocoa in Frameworks */ = {isa = PBXBuildFile; productRef = 3CBF8B3C2C179B54005E21B8 /* RxCocoa */; };
		3CBF8B3F2C179B54005E21B8 /* RxCocoa-Dynamic in Frameworks */ = {isa = PBXBuildFile; productRef = 3CBF8B3E2C179B54005E21B8 /* RxCocoa-Dynamic */; };
		3CBF8B412C179B54005E21B8 /* RxRelay in Frameworks */ = {isa = PBXBuildFile; productRef = 3CBF8B402C179B54005E21B8 /* RxRelay */; };
		3CBF8B442C179B5C005E21B8 /* SnapKit in Frameworks */ = {isa = PBXBuildFile; productRef = 3CBF8B432C179B5C005E21B8 /* SnapKit */; };
		3CBF8B462C179B5C005E21B8 /* SnapKit-Dynamic in Frameworks */ = {isa = PBXBuildFile; productRef = 3CBF8B452C179B5C005E21B8 /* SnapKit-Dynamic */; };
		3CBF8B482C179B8D005E21B8 /* NavBar.swift in Sources */ = {isa = PBXBuildFile; fileRef = 3CBF8B472C179B8D005E21B8 /* NavBar.swift */; };
		4D1C13CB2C1C945700A883C6 /* ChooseAvatarView.swift in Sources */ = {isa = PBXBuildFile; fileRef = 4D1C13CA2C1C945700A883C6 /* ChooseAvatarView.swift */; };
		4D1C13CD2C1C95D800A883C6 /* ChooseAvatarViewController.swift in Sources */ = {isa = PBXBuildFile; fileRef = 4D1C13CC2C1C95D800A883C6 /* ChooseAvatarViewController.swift */; };
		4D1C13CF2C1C968400A883C6 /* CharacterCell.swift in Sources */ = {isa = PBXBuildFile; fileRef = 4D1C13CE2C1C968400A883C6 /* CharacterCell.swift */; };
		4DC4C5152C1AD8A0000A4FEF /* ChangeUsernameView.swift in Sources */ = {isa = PBXBuildFile; fileRef = 4DC4C5142C1AD8A0000A4FEF /* ChangeUsernameView.swift */; };
		4DC4C5172C1AE3E0000A4FEF /* ChangeUsernameViewController.swift in Sources */ = {isa = PBXBuildFile; fileRef = 4DC4C5162C1AE3E0000A4FEF /* ChangeUsernameViewController.swift */; };
		CB3989262C16450700E77097 /* Rubik-Bold.ttf in Resources */ = {isa = PBXBuildFile; fileRef = CB3989252C16450700E77097 /* Rubik-Bold.ttf */; };
		CB3989292C16462900E77097 /* Rubik-Regular.ttf in Resources */ = {isa = PBXBuildFile; fileRef = CB3989272C16462900E77097 /* Rubik-Regular.ttf */; };
		CB39892E2C1646C800E77097 /* Rubik-Medium.ttf in Resources */ = {isa = PBXBuildFile; fileRef = CB39892D2C1646C800E77097 /* Rubik-Medium.ttf */; };
		CB3989342C164C2100E77097 /* CustomFont.swift in Sources */ = {isa = PBXBuildFile; fileRef = CB3989332C164C2100E77097 /* CustomFont.swift */; };
		CBB2C8092C1B21FF003FE319 /* Settings.swift in Sources */ = {isa = PBXBuildFile; fileRef = CBB2C8082C1B21FF003FE319 /* Settings.swift */; };
		CBBFE01A2C1B749500746F77 /* 573376__johnloser__cyber-punch-01.wav in Resources */ = {isa = PBXBuildFile; fileRef = CBBFE0192C1B749500746F77 /* 573376__johnloser__cyber-punch-01.wav */; };
		CBBFE01C2C1B74AD00746F77 /* 449640__cnupoc__main-theme.mp3 in Resources */ = {isa = PBXBuildFile; fileRef = CBBFE01B2C1B74AD00746F77 /* 449640__cnupoc__main-theme.mp3 */; };
		CBCC59A92C18457400F194B5 /* Game.swift in Sources */ = {isa = PBXBuildFile; fileRef = CBCC59A82C18457400F194B5 /* Game.swift */; };
		CBE0C0BA2C15D5E000919D1E /* AppDelegate.swift in Sources */ = {isa = PBXBuildFile; fileRef = CBE0C0B92C15D5E000919D1E /* AppDelegate.swift */; };
		CBE0C0BC2C15D5E000919D1E /* SceneDelegate.swift in Sources */ = {isa = PBXBuildFile; fileRef = CBE0C0BB2C15D5E000919D1E /* SceneDelegate.swift */; };
		CBE0C0C32C15D5E100919D1E /* Assets.xcassets in Resources */ = {isa = PBXBuildFile; fileRef = CBE0C0C22C15D5E100919D1E /* Assets.xcassets */; };
		CBE0C0C62C15D5E100919D1E /* LaunchScreen.storyboard in Resources */ = {isa = PBXBuildFile; fileRef = CBE0C0C42C15D5E100919D1E /* LaunchScreen.storyboard */; };
		CBE0C0D22C15D67100919D1E /* FightLoadView.swift in Sources */ = {isa = PBXBuildFile; fileRef = CBE0C0CD2C15D67100919D1E /* FightLoadView.swift */; };
		CBE0C0D32C15D67100919D1E /* ResultView.swift in Sources */ = {isa = PBXBuildFile; fileRef = CBE0C0CE2C15D67100919D1E /* ResultView.swift */; };
		CBE0C0D42C15D67100919D1E /* StartView.swift in Sources */ = {isa = PBXBuildFile; fileRef = CBE0C0CF2C15D67100919D1E /* StartView.swift */; };
		CBE0C0D52C15D67100919D1E /* GameView.swift in Sources */ = {isa = PBXBuildFile; fileRef = CBE0C0D02C15D67100919D1E /* GameView.swift */; };
		CBE0C0D62C15D67100919D1E /* RulesView.swift in Sources */ = {isa = PBXBuildFile; fileRef = CBE0C0D12C15D67100919D1E /* RulesView.swift */; };
		CBE0C0DC2C15D68300919D1E /* StartViewController.swift in Sources */ = {isa = PBXBuildFile; fileRef = CBE0C0D72C15D68300919D1E /* StartViewController.swift */; };
		CBE0C0DD2C15D68300919D1E /* RulesViewController.swift in Sources */ = {isa = PBXBuildFile; fileRef = CBE0C0D82C15D68300919D1E /* RulesViewController.swift */; };
		CBE0C0DE2C15D68300919D1E /* GameViewController.swift in Sources */ = {isa = PBXBuildFile; fileRef = CBE0C0D92C15D68300919D1E /* GameViewController.swift */; };
		CBE0C0DF2C15D68300919D1E /* ResultViewController.swift in Sources */ = {isa = PBXBuildFile; fileRef = CBE0C0DA2C15D68300919D1E /* ResultViewController.swift */; };
		CBE0C0E02C15D68300919D1E /* FightLoadViewController.swift in Sources */ = {isa = PBXBuildFile; fileRef = CBE0C0DB2C15D68300919D1E /* FightLoadViewController.swift */; };
		CBF7DE442C1D98DC00D4D475 /* PauseView.swift in Sources */ = {isa = PBXBuildFile; fileRef = CBF7DE432C1D98DC00D4D475 /* PauseView.swift */; };
		CBF7DE462C1D9D6400D4D475 /* PauseViewController.swift in Sources */ = {isa = PBXBuildFile; fileRef = CBF7DE452C1D9D6400D4D475 /* PauseViewController.swift */; };
/* End PBXBuildFile section */

/* Begin PBXFileReference section */
		3CBF8B252C179B20005E21B8 /* UIStackView+Ext.swift */ = {isa = PBXFileReference; fileEncoding = 4; lastKnownFileType = sourcecode.swift; path = "UIStackView+Ext.swift"; sourceTree = "<group>"; };
		3CBF8B262C179B20005E21B8 /* Uiview+Ext.swift */ = {isa = PBXFileReference; fileEncoding = 4; lastKnownFileType = sourcecode.swift; path = "Uiview+Ext.swift"; sourceTree = "<group>"; };
		3CBF8B2A2C179B27005E21B8 /* StorageService.swift */ = {isa = PBXFileReference; fileEncoding = 4; lastKnownFileType = sourcecode.swift; path = StorageService.swift; sourceTree = "<group>"; };
		3CBF8B2D2C179B2C005E21B8 /* Player.swift */ = {isa = PBXFileReference; fileEncoding = 4; lastKnownFileType = sourcecode.swift; path = Player.swift; sourceTree = "<group>"; };
		3CBF8B302C179B3A005E21B8 /* LeaderboardViewController.swift */ = {isa = PBXFileReference; fileEncoding = 4; lastKnownFileType = sourcecode.swift; path = LeaderboardViewController.swift; sourceTree = "<group>"; };
		3CBF8B312C179B3A005E21B8 /* LeaderbordPlayerCell.swift */ = {isa = PBXFileReference; fileEncoding = 4; lastKnownFileType = sourcecode.swift; path = LeaderbordPlayerCell.swift; sourceTree = "<group>"; };
		3CBF8B472C179B8D005E21B8 /* NavBar.swift */ = {isa = PBXFileReference; fileEncoding = 4; lastKnownFileType = sourcecode.swift; path = NavBar.swift; sourceTree = "<group>"; };
		4D1C13CA2C1C945700A883C6 /* ChooseAvatarView.swift */ = {isa = PBXFileReference; lastKnownFileType = sourcecode.swift; path = ChooseAvatarView.swift; sourceTree = "<group>"; };
		4D1C13CC2C1C95D800A883C6 /* ChooseAvatarViewController.swift */ = {isa = PBXFileReference; lastKnownFileType = sourcecode.swift; path = ChooseAvatarViewController.swift; sourceTree = "<group>"; };
		4D1C13CE2C1C968400A883C6 /* CharacterCell.swift */ = {isa = PBXFileReference; lastKnownFileType = sourcecode.swift; path = CharacterCell.swift; sourceTree = "<group>"; };
		4DC4C5142C1AD8A0000A4FEF /* ChangeUsernameView.swift */ = {isa = PBXFileReference; lastKnownFileType = sourcecode.swift; path = ChangeUsernameView.swift; sourceTree = "<group>"; };
		4DC4C5162C1AE3E0000A4FEF /* ChangeUsernameViewController.swift */ = {isa = PBXFileReference; lastKnownFileType = sourcecode.swift; path = ChangeUsernameViewController.swift; sourceTree = "<group>"; };
		CB3989252C16450700E77097 /* Rubik-Bold.ttf */ = {isa = PBXFileReference; lastKnownFileType = file; path = "Rubik-Bold.ttf"; sourceTree = "<group>"; };
		CB3989272C16462900E77097 /* Rubik-Regular.ttf */ = {isa = PBXFileReference; lastKnownFileType = file; path = "Rubik-Regular.ttf"; sourceTree = "<group>"; };
		CB39892D2C1646C800E77097 /* Rubik-Medium.ttf */ = {isa = PBXFileReference; lastKnownFileType = file; path = "Rubik-Medium.ttf"; sourceTree = "<group>"; };
		CB3989332C164C2100E77097 /* CustomFont.swift */ = {isa = PBXFileReference; lastKnownFileType = sourcecode.swift; path = CustomFont.swift; sourceTree = "<group>"; };
		CBB2C8082C1B21FF003FE319 /* Settings.swift */ = {isa = PBXFileReference; lastKnownFileType = sourcecode.swift; path = Settings.swift; sourceTree = "<group>"; };
		CBBFE0192C1B749500746F77 /* 573376__johnloser__cyber-punch-01.wav */ = {isa = PBXFileReference; lastKnownFileType = audio.wav; path = "573376__johnloser__cyber-punch-01.wav"; sourceTree = "<group>"; };
		CBBFE01B2C1B74AD00746F77 /* 449640__cnupoc__main-theme.mp3 */ = {isa = PBXFileReference; lastKnownFileType = audio.mp3; path = "449640__cnupoc__main-theme.mp3"; sourceTree = "<group>"; };
		CBCC59A82C18457400F194B5 /* Game.swift */ = {isa = PBXFileReference; lastKnownFileType = sourcecode.swift; path = Game.swift; sourceTree = "<group>"; };
		CBE0C0B62C15D5E000919D1E /* Epic_RPC.app */ = {isa = PBXFileReference; explicitFileType = wrapper.application; includeInIndex = 0; path = Epic_RPC.app; sourceTree = BUILT_PRODUCTS_DIR; };
		CBE0C0B92C15D5E000919D1E /* AppDelegate.swift */ = {isa = PBXFileReference; lastKnownFileType = sourcecode.swift; path = AppDelegate.swift; sourceTree = "<group>"; };
		CBE0C0BB2C15D5E000919D1E /* SceneDelegate.swift */ = {isa = PBXFileReference; lastKnownFileType = sourcecode.swift; path = SceneDelegate.swift; sourceTree = "<group>"; };
		CBE0C0C22C15D5E100919D1E /* Assets.xcassets */ = {isa = PBXFileReference; lastKnownFileType = folder.assetcatalog; path = Assets.xcassets; sourceTree = "<group>"; };
		CBE0C0C52C15D5E100919D1E /* Base */ = {isa = PBXFileReference; lastKnownFileType = file.storyboard; name = Base; path = Base.lproj/LaunchScreen.storyboard; sourceTree = "<group>"; };
		CBE0C0C72C15D5E100919D1E /* Info.plist */ = {isa = PBXFileReference; lastKnownFileType = text.plist.xml; path = Info.plist; sourceTree = "<group>"; };
		CBE0C0CD2C15D67100919D1E /* FightLoadView.swift */ = {isa = PBXFileReference; fileEncoding = 4; lastKnownFileType = sourcecode.swift; path = FightLoadView.swift; sourceTree = "<group>"; };
		CBE0C0CE2C15D67100919D1E /* ResultView.swift */ = {isa = PBXFileReference; fileEncoding = 4; lastKnownFileType = sourcecode.swift; path = ResultView.swift; sourceTree = "<group>"; };
		CBE0C0CF2C15D67100919D1E /* StartView.swift */ = {isa = PBXFileReference; fileEncoding = 4; lastKnownFileType = sourcecode.swift; path = StartView.swift; sourceTree = "<group>"; };
		CBE0C0D02C15D67100919D1E /* GameView.swift */ = {isa = PBXFileReference; fileEncoding = 4; lastKnownFileType = sourcecode.swift; path = GameView.swift; sourceTree = "<group>"; };
		CBE0C0D12C15D67100919D1E /* RulesView.swift */ = {isa = PBXFileReference; fileEncoding = 4; lastKnownFileType = sourcecode.swift; path = RulesView.swift; sourceTree = "<group>"; };
		CBE0C0D72C15D68300919D1E /* StartViewController.swift */ = {isa = PBXFileReference; fileEncoding = 4; lastKnownFileType = sourcecode.swift; path = StartViewController.swift; sourceTree = "<group>"; };
		CBE0C0D82C15D68300919D1E /* RulesViewController.swift */ = {isa = PBXFileReference; fileEncoding = 4; lastKnownFileType = sourcecode.swift; path = RulesViewController.swift; sourceTree = "<group>"; };
		CBE0C0D92C15D68300919D1E /* GameViewController.swift */ = {isa = PBXFileReference; fileEncoding = 4; lastKnownFileType = sourcecode.swift; path = GameViewController.swift; sourceTree = "<group>"; };
		CBE0C0DA2C15D68300919D1E /* ResultViewController.swift */ = {isa = PBXFileReference; fileEncoding = 4; lastKnownFileType = sourcecode.swift; path = ResultViewController.swift; sourceTree = "<group>"; };
		CBE0C0DB2C15D68300919D1E /* FightLoadViewController.swift */ = {isa = PBXFileReference; fileEncoding = 4; lastKnownFileType = sourcecode.swift; path = FightLoadViewController.swift; sourceTree = "<group>"; };
		CBF7DE432C1D98DC00D4D475 /* PauseView.swift */ = {isa = PBXFileReference; lastKnownFileType = sourcecode.swift; path = PauseView.swift; sourceTree = "<group>"; };
		CBF7DE452C1D9D6400D4D475 /* PauseViewController.swift */ = {isa = PBXFileReference; lastKnownFileType = sourcecode.swift; path = PauseViewController.swift; sourceTree = "<group>"; };
/* End PBXFileReference section */

/* Begin PBXFrameworksBuildPhase section */
		CBE0C0B32C15D5E000919D1E /* Frameworks */ = {
			isa = PBXFrameworksBuildPhase;
			buildActionMask = 2147483647;
			files = (
				3CBF8B412C179B54005E21B8 /* RxRelay in Frameworks */,
				3CBF8B3B2C179B54005E21B8 /* RxBlocking-Dynamic in Frameworks */,
				3CBF8B3F2C179B54005E21B8 /* RxCocoa-Dynamic in Frameworks */,
				3CBF8B462C179B5C005E21B8 /* SnapKit-Dynamic in Frameworks */,
				3CBF8B442C179B5C005E21B8 /* SnapKit in Frameworks */,
				3CBF8B362C179B4C005E21B8 /* RxGesture in Frameworks */,
				3CBF8B3D2C179B54005E21B8 /* RxCocoa in Frameworks */,
				3CBF8B392C179B54005E21B8 /* RxBlocking in Frameworks */,
			);
			runOnlyForDeploymentPostprocessing = 0;
		};
/* End PBXFrameworksBuildPhase section */

/* Begin PBXGroup section */
		3CBF8B242C179B20005E21B8 /* Extensions */ = {
			isa = PBXGroup;
			children = (
				3CBF8B252C179B20005E21B8 /* UIStackView+Ext.swift */,
				3CBF8B262C179B20005E21B8 /* Uiview+Ext.swift */,
			);
			path = Extensions;
			sourceTree = "<group>";
		};
		3CBF8B292C179B27005E21B8 /* Services */ = {
			isa = PBXGroup;
			children = (
				3CBF8B2A2C179B27005E21B8 /* StorageService.swift */,
			);
			path = Services;
			sourceTree = "<group>";
		};
		3CBF8B2C2C179B2C005E21B8 /* Models */ = {
			isa = PBXGroup;
			children = (
				3CBF8B2D2C179B2C005E21B8 /* Player.swift */,
				CBCC59A82C18457400F194B5 /* Game.swift */,
				CBB2C8082C1B21FF003FE319 /* Settings.swift */,
			);
			path = Models;
			sourceTree = "<group>";
		};
		3CBF8B2F2C179B3A005E21B8 /* LeaderboardScreen */ = {
			isa = PBXGroup;
			children = (
				3CBF8B302C179B3A005E21B8 /* LeaderboardViewController.swift */,
				3CBF8B312C179B3A005E21B8 /* LeaderbordPlayerCell.swift */,
			);
			path = LeaderboardScreen;
			sourceTree = "<group>";
		};
		CB39891E2C16410F00E77097 /* Font */ = {
			isa = PBXGroup;
			children = (
				CB3989332C164C2100E77097 /* CustomFont.swift */,
				CB3989272C16462900E77097 /* Rubik-Regular.ttf */,
				CB39892D2C1646C800E77097 /* Rubik-Medium.ttf */,
				CB3989252C16450700E77097 /* Rubik-Bold.ttf */,
			);
			path = Font;
			sourceTree = "<group>";
		};
		CBBFE0182C1B742B00746F77 /* Sounds */ = {
			isa = PBXGroup;
			children = (
				CBBFE0192C1B749500746F77 /* 573376__johnloser__cyber-punch-01.wav */,
				CBBFE01B2C1B74AD00746F77 /* 449640__cnupoc__main-theme.mp3 */,
			);
			path = Sounds;
			sourceTree = "<group>";
		};
		CBE0C0AD2C15D5E000919D1E = {
			isa = PBXGroup;
			children = (
				CBE0C0B82C15D5E000919D1E /* Epic_RPC */,
				CBE0C0B72C15D5E000919D1E /* Products */,
			);
			sourceTree = "<group>";
		};
		CBE0C0B72C15D5E000919D1E /* Products */ = {
			isa = PBXGroup;
			children = (
				CBE0C0B62C15D5E000919D1E /* Epic_RPC.app */,
			);
			name = Products;
			sourceTree = "<group>";
		};
		CBE0C0B82C15D5E000919D1E /* Epic_RPC */ = {
			isa = PBXGroup;
			children = (
				3CBF8B2C2C179B2C005E21B8 /* Models */,
				CBE0C0E22C15D6A900919D1E /* App */,
				CBE0C0E32C15D6B100919D1E /* View */,
				CBE0C0E12C15D69800919D1E /* ViewController */,
				CBBFE0182C1B742B00746F77 /* Sounds */,
				CB39891E2C16410F00E77097 /* Font */,
				CBE0C0E42C15D6D500919D1E /* Resources */,
				3CBF8B292C179B27005E21B8 /* Services */,
				3CBF8B242C179B20005E21B8 /* Extensions */,
			);
			path = Epic_RPC;
			sourceTree = "<group>";
		};
		CBE0C0E12C15D69800919D1E /* ViewController */ = {
			isa = PBXGroup;
			children = (
				4DC4C5162C1AE3E0000A4FEF /* ChangeUsernameViewController.swift */,
				CBF7DE452C1D9D6400D4D475 /* PauseViewController.swift */,
				4D1C13CC2C1C95D800A883C6 /* ChooseAvatarViewController.swift */,
				CBE0C0DB2C15D68300919D1E /* FightLoadViewController.swift */,
				CBE0C0D92C15D68300919D1E /* GameViewController.swift */,
				CBE0C0DA2C15D68300919D1E /* ResultViewController.swift */,
				CBE0C0D82C15D68300919D1E /* RulesViewController.swift */,
				CBE0C0D72C15D68300919D1E /* StartViewController.swift */,
				3CBF8B2F2C179B3A005E21B8 /* LeaderboardScreen */,
			);
			path = ViewController;
			sourceTree = "<group>";
		};
		CBE0C0E22C15D6A900919D1E /* App */ = {
			isa = PBXGroup;
			children = (
				CBE0C0B92C15D5E000919D1E /* AppDelegate.swift */,
				CBE0C0BB2C15D5E000919D1E /* SceneDelegate.swift */,
			);
			path = App;
			sourceTree = "<group>";
		};
		CBE0C0E32C15D6B100919D1E /* View */ = {
			isa = PBXGroup;
			children = (
				3CBF8B472C179B8D005E21B8 /* NavBar.swift */,
				4D1C13CA2C1C945700A883C6 /* ChooseAvatarView.swift */,
				4D1C13CE2C1C968400A883C6 /* CharacterCell.swift */,
				4DC4C5142C1AD8A0000A4FEF /* ChangeUsernameView.swift */,
				CBE0C0CD2C15D67100919D1E /* FightLoadView.swift */,
				CBE0C0D02C15D67100919D1E /* GameView.swift */,
				CBF7DE432C1D98DC00D4D475 /* PauseView.swift */,
				CBE0C0CE2C15D67100919D1E /* ResultView.swift */,
				CBE0C0D12C15D67100919D1E /* RulesView.swift */,
				CBE0C0CF2C15D67100919D1E /* StartView.swift */,
			);
			path = View;
			sourceTree = "<group>";
		};
		CBE0C0E42C15D6D500919D1E /* Resources */ = {
			isa = PBXGroup;
			children = (
				CBE0C0C22C15D5E100919D1E /* Assets.xcassets */,
				CBE0C0C42C15D5E100919D1E /* LaunchScreen.storyboard */,
				CBE0C0C72C15D5E100919D1E /* Info.plist */,
			);
			path = Resources;
			sourceTree = "<group>";
		};
/* End PBXGroup section */

/* Begin PBXNativeTarget section */
		CBE0C0B52C15D5E000919D1E /* Epic_RPC */ = {
			isa = PBXNativeTarget;
			buildConfigurationList = CBE0C0CA2C15D5E100919D1E /* Build configuration list for PBXNativeTarget "Epic_RPC" */;
			buildPhases = (
				CBE0C0B22C15D5E000919D1E /* Sources */,
				CBE0C0B32C15D5E000919D1E /* Frameworks */,
				CBE0C0B42C15D5E000919D1E /* Resources */,
			);
			buildRules = (
			);
			dependencies = (
			);
			name = Epic_RPC;
			packageProductDependencies = (
				3CBF8B352C179B4C005E21B8 /* RxGesture */,
				3CBF8B382C179B54005E21B8 /* RxBlocking */,
				3CBF8B3A2C179B54005E21B8 /* RxBlocking-Dynamic */,
				3CBF8B3C2C179B54005E21B8 /* RxCocoa */,
				3CBF8B3E2C179B54005E21B8 /* RxCocoa-Dynamic */,
				3CBF8B402C179B54005E21B8 /* RxRelay */,
				3CBF8B432C179B5C005E21B8 /* SnapKit */,
				3CBF8B452C179B5C005E21B8 /* SnapKit-Dynamic */,
			);
			productName = Epic_RPC;
			productReference = CBE0C0B62C15D5E000919D1E /* Epic_RPC.app */;
			productType = "com.apple.product-type.application";
		};
/* End PBXNativeTarget section */

/* Begin PBXProject section */
		CBE0C0AE2C15D5E000919D1E /* Project object */ = {
			isa = PBXProject;
			attributes = {
				BuildIndependentTargetsInParallel = 1;
				LastSwiftUpdateCheck = 1500;
				LastUpgradeCheck = 1500;
				TargetAttributes = {
					CBE0C0B52C15D5E000919D1E = {
						CreatedOnToolsVersion = 15.0;
					};
				};
			};
			buildConfigurationList = CBE0C0B12C15D5E000919D1E /* Build configuration list for PBXProject "Epic_RPC" */;
			compatibilityVersion = "Xcode 13.0";
			developmentRegion = en;
			hasScannedForEncodings = 0;
			knownRegions = (
				en,
				Base,
			);
			mainGroup = CBE0C0AD2C15D5E000919D1E;
			packageReferences = (
				3CBF8B342C179B4C005E21B8 /* XCRemoteSwiftPackageReference "RxGesture" */,
				3CBF8B372C179B54005E21B8 /* XCRemoteSwiftPackageReference "RxSwift" */,
				3CBF8B422C179B5C005E21B8 /* XCRemoteSwiftPackageReference "SnapKit" */,
			);
			productRefGroup = CBE0C0B72C15D5E000919D1E /* Products */;
			projectDirPath = "";
			projectRoot = "";
			targets = (
				CBE0C0B52C15D5E000919D1E /* Epic_RPC */,
			);
		};
/* End PBXProject section */

/* Begin PBXResourcesBuildPhase section */
		CBE0C0B42C15D5E000919D1E /* Resources */ = {
			isa = PBXResourcesBuildPhase;
			buildActionMask = 2147483647;
			files = (
				CBE0C0C62C15D5E100919D1E /* LaunchScreen.storyboard in Resources */,
				CB3989292C16462900E77097 /* Rubik-Regular.ttf in Resources */,
				CBBFE01C2C1B74AD00746F77 /* 449640__cnupoc__main-theme.mp3 in Resources */,
				CBBFE01A2C1B749500746F77 /* 573376__johnloser__cyber-punch-01.wav in Resources */,
				CB3989262C16450700E77097 /* Rubik-Bold.ttf in Resources */,
				CBE0C0C32C15D5E100919D1E /* Assets.xcassets in Resources */,
				CB39892E2C1646C800E77097 /* Rubik-Medium.ttf in Resources */,
			);
			runOnlyForDeploymentPostprocessing = 0;
		};
/* End PBXResourcesBuildPhase section */

/* Begin PBXSourcesBuildPhase section */
		CBE0C0B22C15D5E000919D1E /* Sources */ = {
			isa = PBXSourcesBuildPhase;
			buildActionMask = 2147483647;
			files = (
				CB3989342C164C2100E77097 /* CustomFont.swift in Sources */,
				CBE0C0E02C15D68300919D1E /* FightLoadViewController.swift in Sources */,
				CBE0C0DD2C15D68300919D1E /* RulesViewController.swift in Sources */,
				CBE0C0D62C15D67100919D1E /* RulesView.swift in Sources */,
				3CBF8B322C179B3A005E21B8 /* LeaderboardViewController.swift in Sources */,
				3CBF8B482C179B8D005E21B8 /* NavBar.swift in Sources */,
				CBE0C0BA2C15D5E000919D1E /* AppDelegate.swift in Sources */,
				3CBF8B2B2C179B27005E21B8 /* StorageService.swift in Sources */,
				CBE0C0D32C15D67100919D1E /* ResultView.swift in Sources */,
				4DC4C5172C1AE3E0000A4FEF /* ChangeUsernameViewController.swift in Sources */,
				CBE0C0D42C15D67100919D1E /* StartView.swift in Sources */,
				3CBF8B272C179B20005E21B8 /* UIStackView+Ext.swift in Sources */,
				4D1C13CF2C1C968400A883C6 /* CharacterCell.swift in Sources */,
				CBE0C0DC2C15D68300919D1E /* StartViewController.swift in Sources */,
				CBE0C0BC2C15D5E000919D1E /* SceneDelegate.swift in Sources */,
				CBE0C0D22C15D67100919D1E /* FightLoadView.swift in Sources */,
				CBE0C0DE2C15D68300919D1E /* GameViewController.swift in Sources */,
				3CBF8B282C179B20005E21B8 /* Uiview+Ext.swift in Sources */,
				4DC4C5152C1AD8A0000A4FEF /* ChangeUsernameView.swift in Sources */,
				CBCC59A92C18457400F194B5 /* Game.swift in Sources */,
				4D1C13CB2C1C945700A883C6 /* ChooseAvatarView.swift in Sources */,
				3CBF8B332C179B3A005E21B8 /* LeaderbordPlayerCell.swift in Sources */,
				CBE0C0D52C15D67100919D1E /* GameView.swift in Sources */,
				CBF7DE462C1D9D6400D4D475 /* PauseViewController.swift in Sources */,
				3CBF8B2E2C179B2C005E21B8 /* Player.swift in Sources */,
				CBB2C8092C1B21FF003FE319 /* Settings.swift in Sources */,
				4D1C13CD2C1C95D800A883C6 /* ChooseAvatarViewController.swift in Sources */,
				CBE0C0DF2C15D68300919D1E /* ResultViewController.swift in Sources */,
				CBF7DE442C1D98DC00D4D475 /* PauseView.swift in Sources */,
			);
			runOnlyForDeploymentPostprocessing = 0;
		};
/* End PBXSourcesBuildPhase section */

/* Begin PBXVariantGroup section */
		CBE0C0C42C15D5E100919D1E /* LaunchScreen.storyboard */ = {
			isa = PBXVariantGroup;
			children = (
				CBE0C0C52C15D5E100919D1E /* Base */,
			);
			name = LaunchScreen.storyboard;
			sourceTree = "<group>";
		};
/* End PBXVariantGroup section */

/* Begin XCBuildConfiguration section */
		CBE0C0C82C15D5E100919D1E /* Debug */ = {
			isa = XCBuildConfiguration;
			buildSettings = {
				ALWAYS_SEARCH_USER_PATHS = NO;
				ASSETCATALOG_COMPILER_GENERATE_SWIFT_ASSET_SYMBOL_EXTENSIONS = YES;
				CLANG_ANALYZER_NONNULL = YES;
				CLANG_ANALYZER_NUMBER_OBJECT_CONVERSION = YES_AGGRESSIVE;
				CLANG_CXX_LANGUAGE_STANDARD = "gnu++20";
				CLANG_ENABLE_MODULES = YES;
				CLANG_ENABLE_OBJC_ARC = YES;
				CLANG_ENABLE_OBJC_WEAK = YES;
				CLANG_WARN_BLOCK_CAPTURE_AUTORELEASING = YES;
				CLANG_WARN_BOOL_CONVERSION = YES;
				CLANG_WARN_COMMA = YES;
				CLANG_WARN_CONSTANT_CONVERSION = YES;
				CLANG_WARN_DEPRECATED_OBJC_IMPLEMENTATIONS = YES;
				CLANG_WARN_DIRECT_OBJC_ISA_USAGE = YES_ERROR;
				CLANG_WARN_DOCUMENTATION_COMMENTS = YES;
				CLANG_WARN_EMPTY_BODY = YES;
				CLANG_WARN_ENUM_CONVERSION = YES;
				CLANG_WARN_INFINITE_RECURSION = YES;
				CLANG_WARN_INT_CONVERSION = YES;
				CLANG_WARN_NON_LITERAL_NULL_CONVERSION = YES;
				CLANG_WARN_OBJC_IMPLICIT_RETAIN_SELF = YES;
				CLANG_WARN_OBJC_LITERAL_CONVERSION = YES;
				CLANG_WARN_OBJC_ROOT_CLASS = YES_ERROR;
				CLANG_WARN_QUOTED_INCLUDE_IN_FRAMEWORK_HEADER = YES;
				CLANG_WARN_RANGE_LOOP_ANALYSIS = YES;
				CLANG_WARN_STRICT_PROTOTYPES = YES;
				CLANG_WARN_SUSPICIOUS_MOVE = YES;
				CLANG_WARN_UNGUARDED_AVAILABILITY = YES_AGGRESSIVE;
				CLANG_WARN_UNREACHABLE_CODE = YES;
				CLANG_WARN__DUPLICATE_METHOD_MATCH = YES;
				COPY_PHASE_STRIP = NO;
				DEBUG_INFORMATION_FORMAT = dwarf;
				ENABLE_STRICT_OBJC_MSGSEND = YES;
				ENABLE_TESTABILITY = YES;
				ENABLE_USER_SCRIPT_SANDBOXING = YES;
				GCC_C_LANGUAGE_STANDARD = gnu17;
				GCC_DYNAMIC_NO_PIC = NO;
				GCC_NO_COMMON_BLOCKS = YES;
				GCC_OPTIMIZATION_LEVEL = 0;
				GCC_PREPROCESSOR_DEFINITIONS = (
					"DEBUG=1",
					"$(inherited)",
				);
				GCC_WARN_64_TO_32_BIT_CONVERSION = YES;
				GCC_WARN_ABOUT_RETURN_TYPE = YES_ERROR;
				GCC_WARN_UNDECLARED_SELECTOR = YES;
				GCC_WARN_UNINITIALIZED_AUTOS = YES_AGGRESSIVE;
				GCC_WARN_UNUSED_FUNCTION = YES;
				GCC_WARN_UNUSED_VARIABLE = YES;
				IPHONEOS_DEPLOYMENT_TARGET = 17.0;
				LOCALIZATION_PREFERS_STRING_CATALOGS = YES;
				MTL_ENABLE_DEBUG_INFO = INCLUDE_SOURCE;
				MTL_FAST_MATH = YES;
				ONLY_ACTIVE_ARCH = YES;
				SDKROOT = iphoneos;
				SWIFT_ACTIVE_COMPILATION_CONDITIONS = "DEBUG $(inherited)";
				SWIFT_OPTIMIZATION_LEVEL = "-Onone";
			};
			name = Debug;
		};
		CBE0C0C92C15D5E100919D1E /* Release */ = {
			isa = XCBuildConfiguration;
			buildSettings = {
				ALWAYS_SEARCH_USER_PATHS = NO;
				ASSETCATALOG_COMPILER_GENERATE_SWIFT_ASSET_SYMBOL_EXTENSIONS = YES;
				CLANG_ANALYZER_NONNULL = YES;
				CLANG_ANALYZER_NUMBER_OBJECT_CONVERSION = YES_AGGRESSIVE;
				CLANG_CXX_LANGUAGE_STANDARD = "gnu++20";
				CLANG_ENABLE_MODULES = YES;
				CLANG_ENABLE_OBJC_ARC = YES;
				CLANG_ENABLE_OBJC_WEAK = YES;
				CLANG_WARN_BLOCK_CAPTURE_AUTORELEASING = YES;
				CLANG_WARN_BOOL_CONVERSION = YES;
				CLANG_WARN_COMMA = YES;
				CLANG_WARN_CONSTANT_CONVERSION = YES;
				CLANG_WARN_DEPRECATED_OBJC_IMPLEMENTATIONS = YES;
				CLANG_WARN_DIRECT_OBJC_ISA_USAGE = YES_ERROR;
				CLANG_WARN_DOCUMENTATION_COMMENTS = YES;
				CLANG_WARN_EMPTY_BODY = YES;
				CLANG_WARN_ENUM_CONVERSION = YES;
				CLANG_WARN_INFINITE_RECURSION = YES;
				CLANG_WARN_INT_CONVERSION = YES;
				CLANG_WARN_NON_LITERAL_NULL_CONVERSION = YES;
				CLANG_WARN_OBJC_IMPLICIT_RETAIN_SELF = YES;
				CLANG_WARN_OBJC_LITERAL_CONVERSION = YES;
				CLANG_WARN_OBJC_ROOT_CLASS = YES_ERROR;
				CLANG_WARN_QUOTED_INCLUDE_IN_FRAMEWORK_HEADER = YES;
				CLANG_WARN_RANGE_LOOP_ANALYSIS = YES;
				CLANG_WARN_STRICT_PROTOTYPES = YES;
				CLANG_WARN_SUSPICIOUS_MOVE = YES;
				CLANG_WARN_UNGUARDED_AVAILABILITY = YES_AGGRESSIVE;
				CLANG_WARN_UNREACHABLE_CODE = YES;
				CLANG_WARN__DUPLICATE_METHOD_MATCH = YES;
				COPY_PHASE_STRIP = NO;
				DEBUG_INFORMATION_FORMAT = "dwarf-with-dsym";
				ENABLE_NS_ASSERTIONS = NO;
				ENABLE_STRICT_OBJC_MSGSEND = YES;
				ENABLE_USER_SCRIPT_SANDBOXING = YES;
				GCC_C_LANGUAGE_STANDARD = gnu17;
				GCC_NO_COMMON_BLOCKS = YES;
				GCC_WARN_64_TO_32_BIT_CONVERSION = YES;
				GCC_WARN_ABOUT_RETURN_TYPE = YES_ERROR;
				GCC_WARN_UNDECLARED_SELECTOR = YES;
				GCC_WARN_UNINITIALIZED_AUTOS = YES_AGGRESSIVE;
				GCC_WARN_UNUSED_FUNCTION = YES;
				GCC_WARN_UNUSED_VARIABLE = YES;
				IPHONEOS_DEPLOYMENT_TARGET = 17.0;
				LOCALIZATION_PREFERS_STRING_CATALOGS = YES;
				MTL_ENABLE_DEBUG_INFO = NO;
				MTL_FAST_MATH = YES;
				SDKROOT = iphoneos;
				SWIFT_COMPILATION_MODE = wholemodule;
				VALIDATE_PRODUCT = YES;
			};
			name = Release;
		};
		CBE0C0CB2C15D5E100919D1E /* Debug */ = {
			isa = XCBuildConfiguration;
			buildSettings = {
				ASSETCATALOG_COMPILER_APPICON_NAME = AppIcon;
				ASSETCATALOG_COMPILER_GLOBAL_ACCENT_COLOR_NAME = AccentColor;
				CODE_SIGN_STYLE = Automatic;
				CURRENT_PROJECT_VERSION = 1;
				DEVELOPMENT_TEAM = Y5B46GH7KM;
				GENERATE_INFOPLIST_FILE = YES;
				INFOPLIST_FILE = Epic_RPC/Resources/Info.plist;
				INFOPLIST_KEY_UIApplicationSupportsIndirectInputEvents = YES;
				INFOPLIST_KEY_UILaunchStoryboardName = LaunchScreen;
				INFOPLIST_KEY_UISupportedInterfaceOrientations = UIInterfaceOrientationPortrait;
				INFOPLIST_KEY_UISupportedInterfaceOrientations_iPad = "UIInterfaceOrientationLandscapeLeft UIInterfaceOrientationLandscapeRight UIInterfaceOrientationPortrait UIInterfaceOrientationPortraitUpsideDown";
				LD_RUNPATH_SEARCH_PATHS = (
					"$(inherited)",
					"@executable_path/Frameworks",
				);
				MARKETING_VERSION = 1.0;
				PRODUCT_BUNDLE_IDENTIFIER = "com.MariaNesterova.Epic-RPC";
				PRODUCT_NAME = "$(TARGET_NAME)";
				SUPPORTED_PLATFORMS = "iphoneos iphonesimulator";
				SUPPORTS_MACCATALYST = NO;
				SUPPORTS_MAC_DESIGNED_FOR_IPHONE_IPAD = NO;
				SWIFT_EMIT_LOC_STRINGS = YES;
				SWIFT_VERSION = 5.0;
				TARGETED_DEVICE_FAMILY = 1;
			};
			name = Debug;
		};
		CBE0C0CC2C15D5E100919D1E /* Release */ = {
			isa = XCBuildConfiguration;
			buildSettings = {
				ASSETCATALOG_COMPILER_APPICON_NAME = AppIcon;
				ASSETCATALOG_COMPILER_GLOBAL_ACCENT_COLOR_NAME = AccentColor;
				CODE_SIGN_STYLE = Automatic;
				CURRENT_PROJECT_VERSION = 1;
				DEVELOPMENT_TEAM = Y5B46GH7KM;
				GENERATE_INFOPLIST_FILE = YES;
				INFOPLIST_FILE = Epic_RPC/Resources/Info.plist;
				INFOPLIST_KEY_UIApplicationSupportsIndirectInputEvents = YES;
				INFOPLIST_KEY_UILaunchStoryboardName = LaunchScreen;
				INFOPLIST_KEY_UISupportedInterfaceOrientations = UIInterfaceOrientationPortrait;
				INFOPLIST_KEY_UISupportedInterfaceOrientations_iPad = "UIInterfaceOrientationLandscapeLeft UIInterfaceOrientationLandscapeRight UIInterfaceOrientationPortrait UIInterfaceOrientationPortraitUpsideDown";
				LD_RUNPATH_SEARCH_PATHS = (
					"$(inherited)",
					"@executable_path/Frameworks",
				);
				MARKETING_VERSION = 1.0;
				PRODUCT_BUNDLE_IDENTIFIER = "com.MariaNesterova.Epic-RPC";
				PRODUCT_NAME = "$(TARGET_NAME)";
				SUPPORTED_PLATFORMS = "iphoneos iphonesimulator";
				SUPPORTS_MACCATALYST = NO;
				SUPPORTS_MAC_DESIGNED_FOR_IPHONE_IPAD = NO;
				SWIFT_EMIT_LOC_STRINGS = YES;
				SWIFT_VERSION = 5.0;
				TARGETED_DEVICE_FAMILY = 1;
			};
			name = Release;
		};
/* End XCBuildConfiguration section */

/* Begin XCConfigurationList section */
		CBE0C0B12C15D5E000919D1E /* Build configuration list for PBXProject "Epic_RPC" */ = {
			isa = XCConfigurationList;
			buildConfigurations = (
				CBE0C0C82C15D5E100919D1E /* Debug */,
				CBE0C0C92C15D5E100919D1E /* Release */,
			);
			defaultConfigurationIsVisible = 0;
			defaultConfigurationName = Release;
		};
		CBE0C0CA2C15D5E100919D1E /* Build configuration list for PBXNativeTarget "Epic_RPC" */ = {
			isa = XCConfigurationList;
			buildConfigurations = (
				CBE0C0CB2C15D5E100919D1E /* Debug */,
				CBE0C0CC2C15D5E100919D1E /* Release */,
			);
			defaultConfigurationIsVisible = 0;
			defaultConfigurationName = Release;
		};
/* End XCConfigurationList section */

/* Begin XCRemoteSwiftPackageReference section */
		3CBF8B342C179B4C005E21B8 /* XCRemoteSwiftPackageReference "RxGesture" */ = {
			isa = XCRemoteSwiftPackageReference;
			repositoryURL = "https://github.com/RxSwiftCommunity/RxGesture.git";
			requirement = {
				kind = upToNextMajorVersion;
				minimumVersion = 4.0.4;
			};
		};
		3CBF8B372C179B54005E21B8 /* XCRemoteSwiftPackageReference "RxSwift" */ = {
			isa = XCRemoteSwiftPackageReference;
			repositoryURL = "https://github.com/ReactiveX/RxSwift.git";
			requirement = {
				kind = upToNextMajorVersion;
				minimumVersion = 6.7.1;
			};
		};
		3CBF8B422C179B5C005E21B8 /* XCRemoteSwiftPackageReference "SnapKit" */ = {
			isa = XCRemoteSwiftPackageReference;
			repositoryURL = "https://github.com/SnapKit/SnapKit.git";
			requirement = {
				kind = upToNextMajorVersion;
				minimumVersion = 5.7.1;
			};
		};
/* End XCRemoteSwiftPackageReference section */

/* Begin XCSwiftPackageProductDependency section */
		3CBF8B352C179B4C005E21B8 /* RxGesture */ = {
			isa = XCSwiftPackageProductDependency;
			package = 3CBF8B342C179B4C005E21B8 /* XCRemoteSwiftPackageReference "RxGesture" */;
			productName = RxGesture;
		};
		3CBF8B382C179B54005E21B8 /* RxBlocking */ = {
			isa = XCSwiftPackageProductDependency;
			package = 3CBF8B372C179B54005E21B8 /* XCRemoteSwiftPackageReference "RxSwift" */;
			productName = RxBlocking;
		};
		3CBF8B3A2C179B54005E21B8 /* RxBlocking-Dynamic */ = {
			isa = XCSwiftPackageProductDependency;
			package = 3CBF8B372C179B54005E21B8 /* XCRemoteSwiftPackageReference "RxSwift" */;
			productName = "RxBlocking-Dynamic";
		};
		3CBF8B3C2C179B54005E21B8 /* RxCocoa */ = {
			isa = XCSwiftPackageProductDependency;
			package = 3CBF8B372C179B54005E21B8 /* XCRemoteSwiftPackageReference "RxSwift" */;
			productName = RxCocoa;
		};
		3CBF8B3E2C179B54005E21B8 /* RxCocoa-Dynamic */ = {
			isa = XCSwiftPackageProductDependency;
			package = 3CBF8B372C179B54005E21B8 /* XCRemoteSwiftPackageReference "RxSwift" */;
			productName = "RxCocoa-Dynamic";
		};
		3CBF8B402C179B54005E21B8 /* RxRelay */ = {
			isa = XCSwiftPackageProductDependency;
			package = 3CBF8B372C179B54005E21B8 /* XCRemoteSwiftPackageReference "RxSwift" */;
			productName = RxRelay;
		};
		3CBF8B432C179B5C005E21B8 /* SnapKit */ = {
			isa = XCSwiftPackageProductDependency;
			package = 3CBF8B422C179B5C005E21B8 /* XCRemoteSwiftPackageReference "SnapKit" */;
			productName = SnapKit;
		};
		3CBF8B452C179B5C005E21B8 /* SnapKit-Dynamic */ = {
			isa = XCSwiftPackageProductDependency;
			package = 3CBF8B422C179B5C005E21B8 /* XCRemoteSwiftPackageReference "SnapKit" */;
			productName = "SnapKit-Dynamic";
		};
/* End XCSwiftPackageProductDependency section */
	};
	rootObject = CBE0C0AE2C15D5E000919D1E /* Project object */;
}
